<Solution>
  <Folder Name="/src/">
    <Project Path="PolyInstall.Cli/PolyInstall.Cli.csproj" />
    <Project Path="PolyInstall.Core/PolyInstall.Core.csproj" />
    <Project Path="PolyInstall.Core.Build/PolyInstall.Core.Build.csproj" />
    <Project Path="PolyInstall.Runtime/PolyInstall.Runtime.csproj" />
    <Project Path="PolyInstall.Uninstall/PolyInstall.Uninstall.csproj" />
    <Project Path="PolyInstall.SchemaGen/PolyInstall.SchemaGen.csproj" />
    <Project Path="PolyInstall.UI/PolyInstall.UI.csproj" />
  </Folder>
  <Folder Name="/tests/">
    <Project Path="tests/PolyInstall.Core.Build.Tests/PolyInstall.Core.Build.Tests.csproj" />
    <Project Path="tests/PolyInstall.Core.Tests/PolyInstall.Core.Tests.csproj" />
  </Folder>
</Solution>
